
Microsoft Visual Studio Solution File, Format Version 12.00
# Visual Studio Version 17
VisualStudioVersion = 17.12.35707.178
MinimumVisualStudioVersion = 10.0.40219.1
Project("{FAE04EC0-301F-11D3-BF4B-00C04F79EFBC}") = "GrpcXU", "GrpcXU\GrpcXU.csproj", "{182496B0-7204-49A9-BB10-452CB65D18FD}"
EndProject
Project("{FAE04EC0-301F-11D3-BF4B-00C04F79EFBC}") = "GrpcGreeter", "GrpcGreeter\GrpcGreeter.csproj", "{2BD093A7-993F-4892-A02E-0C269D577286}"
EndProject
Global
	GlobalSection(SolutionConfigurationPlatforms) = preSolution
		Debug|Any CPU = Debug|Any CPU
		Release|Any CPU = Release|Any CPU
	EndGlobalSection
	GlobalSection(ProjectConfigurationPlatforms) = postSolution
		{182496B0-7204-49A9-BB10-452CB65D18FD}.Debug|Any CPU.ActiveCfg = Debug|Any CPU
		{182496B0-7204-49A9-BB10-452CB65D18FD}.Debug|Any CPU.Build.0 = Debug|Any CPU
		{182496B0-7204-49A9-BB10-452CB65D18FD}.Release|Any CPU.ActiveCfg = Release|Any CPU
		{182496B0-7204-49A9-BB10-452CB65D18FD}.Release|Any CPU.Build.0 = Release|Any CPU
		{2BD093A7-993F-4892-A02E-0C269D577286}.Debug|Any CPU.ActiveCfg = Debug|Any CPU
		{2BD093A7-993F-4892-A02E-0C269D577286}.Debug|Any CPU.Build.0 = Debug|Any CPU
		{2BD093A7-993F-4892-A02E-0C269D577286}.Release|Any CPU.ActiveCfg = Release|Any CPU
		{2BD093A7-993F-4892-A02E-0C269D577286}.Release|Any CPU.Build.0 = Release|Any CPU
	EndGlobalSection
	GlobalSection(SolutionProperties) = preSolution
		HideSolutionNode = FALSE
	EndGlobalSection
EndGlobal
